
Microsoft Visual Studio Solution File, Format Version 12.00
# Visual Studio Version 17
VisualStudioVersion = 17.10.35122.118
MinimumVisualStudioVersion = 10.0.40219.1
Project("{FAE04EC0-301F-11D3-BF4B-00C04F79EFBC}") = "AplicacaoMVCLinq", "AplicacaoMVCLinq\AplicacaoMVCLinq.csproj", "{87E763FD-9C9B-4363-A811-1A29A5745773}"
EndProject
Global
	GlobalSection(SolutionConfigurationPlatforms) = preSolution
		Debug|Any CPU = Debug|Any CPU
		Release|Any CPU = Release|Any CPU
	EndGlobalSection
	GlobalSection(ProjectConfigurationPlatforms) = postSolution
		{87E763FD-9C9B-4363-A811-1A29A5745773}.Debug|Any CPU.ActiveCfg = Debug|Any CPU
		{87E763FD-9C9B-4363-A811-1A29A5745773}.Debug|Any CPU.Build.0 = Debug|Any CPU
		{87E763FD-9C9B-4363-A811-1A29A5745773}.Release|Any CPU.ActiveCfg = Release|Any CPU
		{87E763FD-9C9B-4363-A811-1A29A5745773}.Release|Any CPU.Build.0 = Release|Any CPU
	EndGlobalSection
	GlobalSection(SolutionProperties) = preSolution
		HideSolutionNode = FALSE
	EndGlobalSection
	GlobalSection(ExtensibilityGlobals) = postSolution
		SolutionGuid = {C8B4174B-6041-4B76-ABA0-77D61B3452A5}
	EndGlobalSection
EndGlobal
